
Microsoft Visual Studio Solution File, Format Version 12.00
# Visual Studio Version 17
VisualStudioVersion = 17.4.33122.133
MinimumVisualStudioVersion = 10.0.40219.1
Project("{FAE04EC0-301F-11D3-BF4B-00C04F79EFBC}") = "BlazorAppJsonQuiz", "BlazorAppJsonQuiz\BlazorAppJsonQuiz.csproj", "{FBED2C60-BB36-43E2-AD3D-43B26481A302}"
EndProject
Global
	GlobalSection(SolutionConfigurationPlatforms) = preSolution
		Debug|Any CPU = Debug|Any CPU
		Release|Any CPU = Release|Any CPU
	EndGlobalSection
	GlobalSection(ProjectConfigurationPlatforms) = postSolution
		{FBED2C60-BB36-43E2-AD3D-43B26481A302}.Debug|Any CPU.ActiveCfg = Debug|Any CPU
		{FBED2C60-BB36-43E2-AD3D-43B26481A302}.Debug|Any CPU.Build.0 = Debug|Any CPU
		{FBED2C60-BB36-43E2-AD3D-43B26481A302}.Release|Any CPU.ActiveCfg = Release|Any CPU
		{FBED2C60-BB36-43E2-AD3D-43B26481A302}.Release|Any CPU.Build.0 = Release|Any CPU
	EndGlobalSection
	GlobalSection(SolutionProperties) = preSolution
		HideSolutionNode = FALSE
	EndGlobalSection
	GlobalSection(ExtensibilityGlobals) = postSolution
		SolutionGuid = {7C4E8444-88EB-4EAD-95C6-D0AE53DA815F}
	EndGlobalSection
EndGlobal
